
Microsoft Visual Studio Solution File, Format Version 12.00
# Visual Studio Version 17
VisualStudioVersion = 17.3.32929.385
MinimumVisualStudioVersion = 10.0.40219.1
Project("{FAE04EC0-301F-11D3-BF4B-00C04F79EFBC}") = "DocumentScanner.Android", "DocumentScanner\DocumentScanner.Android\DocumentScanner.Android.csproj", "{F66CBECE-834C-4041-B079-0460DAFEC58E}"
EndProject
Project("{FAE04EC0-301F-11D3-BF4B-00C04F79EFBC}") = "DocumentScanner.iOS", "DocumentScanner\DocumentScanner.iOS\DocumentScanner.iOS.csproj", "{4626655A-EAEB-4BF2-971B-F393CA5D967A}"
EndProject
Project("{FAE04EC0-301F-11D3-BF4B-00C04F79EFBC}") = "DocumentScanner", "DocumentScanner\DocumentScanner\DocumentScanner.csproj", "{0A8360E6-2185-4B9B-8062-315F2C0C3446}"
EndProject
Global
	GlobalSection(SolutionConfigurationPlatforms) = preSolution
		Debug|Any CPU = Debug|Any CPU
		Debug|iPhone = Debug|iPhone
		Debug|iPhoneSimulator = Debug|iPhoneSimulator
		Release|Any CPU = Release|Any CPU
		Release|iPhone = Release|iPhone
		Release|iPhoneSimulator = Release|iPhoneSimulator
	EndGlobalSection
	GlobalSection(ProjectConfigurationPlatforms) = postSolution
		{F66CBECE-834C-4041-B079-0460DAFEC58E}.Debug|Any CPU.ActiveCfg = Debug|Any CPU
		{F66CBECE-834C-4041-B079-0460DAFEC58E}.Debug|Any CPU.Build.0 = Debug|Any CPU
		{F66CBECE-834C-4041-B079-0460DAFEC58E}.Debug|Any CPU.Deploy.0 = Debug|Any CPU
		{F66CBECE-834C-4041-B079-0460DAFEC58E}.Debug|iPhone.ActiveCfg = Debug|Any CPU
		{F66CBECE-834C-4041-B079-0460DAFEC58E}.Debug|iPhone.Build.0 = Debug|Any CPU
		{F66CBECE-834C-4041-B079-0460DAFEC58E}.Debug|iPhone.Deploy.0 = Debug|Any CPU
		{F66CBECE-834C-4041-B079-0460DAFEC58E}.Debug|iPhoneSimulator.ActiveCfg = Debug|Any CPU
		{F66CBECE-834C-4041-B079-0460DAFEC58E}.Debug|iPhoneSimulator.Build.0 = Debug|Any CPU
		{F66CBECE-834C-4041-B079-0460DAFEC58E}.Debug|iPhoneSimulator.Deploy.0 = Debug|Any CPU
		{F66CBECE-834C-4041-B079-0460DAFEC58E}.Release|Any CPU.ActiveCfg = Release|Any CPU
		{F66CBECE-834C-4041-B079-0460DAFEC58E}.Release|Any CPU.Build.0 = Release|Any CPU
		{F66CBECE-834C-4041-B079-0460DAFEC58E}.Release|Any CPU.Deploy.0 = Release|Any CPU
		{F66CBECE-834C-4041-B079-0460DAFEC58E}.Release|iPhone.ActiveCfg = Release|Any CPU
		{F66CBECE-834C-4041-B079-0460DAFEC58E}.Release|iPhone.Build.0 = Release|Any CPU
		{F66CBECE-834C-4041-B079-0460DAFEC58E}.Release|iPhone.Deploy.0 = Release|Any CPU
		{F66CBECE-834C-4041-B079-0460DAFEC58E}.Release|iPhoneSimulator.ActiveCfg = Release|Any CPU
		{F66CBECE-834C-4041-B079-0460DAFEC58E}.Release|iPhoneSimulator.Build.0 = Release|Any CPU
		{F66CBECE-834C-4041-B079-0460DAFEC58E}.Release|iPhoneSimulator.Deploy.0 = Release|Any CPU
		{4626655A-EAEB-4BF2-971B-F393CA5D967A}.Debug|Any CPU.ActiveCfg = Debug|iPhone
		{4626655A-EAEB-4BF2-971B-F393CA5D967A}.Debug|Any CPU.Build.0 = Debug|iPhone
		{4626655A-EAEB-4BF2-971B-F393CA5D967A}.Debug|Any CPU.Deploy.0 = Debug|iPhone
		{4626655A-EAEB-4BF2-971B-F393CA5D967A}.Debug|iPhone.ActiveCfg = Debug|iPhone
		{4626655A-EAEB-4BF2-971B-F393CA5D967A}.Debug|iPhone.Build.0 = Debug|iPhone
		{4626655A-EAEB-4BF2-971B-F393CA5D967A}.Debug|iPhone.Deploy.0 = Debug|iPhone
		{4626655A-EAEB-4BF2-971B-F393CA5D967A}.Debug|iPhoneSimulator.ActiveCfg = Debug|iPhoneSimulator
		{4626655A-EAEB-4BF2-971B-F393CA5D967A}.Debug|iPhoneSimulator.Build.0 = Debug|iPhoneSimulator
		{4626655A-EAEB-4BF2-971B-F393CA5D967A}.Debug|iPhoneSimulator.Deploy.0 = Debug|iPhoneSimulator
		{4626655A-EAEB-4BF2-971B-F393CA5D967A}.Release|Any CPU.ActiveCfg = Release|iPhoneSimulator
		{4626655A-EAEB-4BF2-971B-F393CA5D967A}.Release|Any CPU.Build.0 = Release|iPhoneSimulator
		{4626655A-EAEB-4BF2-971B-F393CA5D967A}.Release|Any CPU.Deploy.0 = Release|iPhoneSimulator
		{4626655A-EAEB-4BF2-971B-F393CA5D967A}.Release|iPhone.ActiveCfg = Release|iPhone
		{4626655A-EAEB-4BF2-971B-F393CA5D967A}.Release|iPhone.Build.0 = Release|iPhone
		{4626655A-EAEB-4BF2-971B-F393CA5D967A}.Release|iPhone.Deploy.0 = Release|iPhone
		{4626655A-EAEB-4BF2-971B-F393CA5D967A}.Release|iPhoneSimulator.ActiveCfg = Release|iPhoneSimulator
		{4626655A-EAEB-4BF2-971B-F393CA5D967A}.Release|iPhoneSimulator.Build.0 = Release|iPhoneSimulator
		{4626655A-EAEB-4BF2-971B-F393CA5D967A}.Release|iPhoneSimulator.Deploy.0 = Release|iPhoneSimulator
		{0A8360E6-2185-4B9B-8062-315F2C0C3446}.Debug|Any CPU.ActiveCfg = Debug|Any CPU
		{0A8360E6-2185-4B9B-8062-315F2C0C3446}.Debug|Any CPU.Build.0 = Debug|Any CPU
		{0A8360E6-2185-4B9B-8062-315F2C0C3446}.Debug|Any CPU.Deploy.0 = Debug|Any CPU
		{0A8360E6-2185-4B9B-8062-315F2C0C3446}.Debug|iPhone.ActiveCfg = Debug|Any CPU
		{0A8360E6-2185-4B9B-8062-315F2C0C3446}.Debug|iPhone.Build.0 = Debug|Any CPU
		{0A8360E6-2185-4B9B-8062-315F2C0C3446}.Debug|iPhone.Deploy.0 = Debug|Any CPU
		{0A8360E6-2185-4B9B-8062-315F2C0C3446}.Debug|iPhoneSimulator.ActiveCfg = Debug|Any CPU
		{0A8360E6-2185-4B9B-8062-315F2C0C3446}.Debug|iPhoneSimulator.Build.0 = Debug|Any CPU
		{0A8360E6-2185-4B9B-8062-315F2C0C3446}.Debug|iPhoneSimulator.Deploy.0 = Debug|Any CPU
		{0A8360E6-2185-4B9B-8062-315F2C0C3446}.Release|Any CPU.ActiveCfg = Release|Any CPU
		{0A8360E6-2185-4B9B-8062-315F2C0C3446}.Release|Any CPU.Build.0 = Release|Any CPU
		{0A8360E6-2185-4B9B-8062-315F2C0C3446}.Release|Any CPU.Deploy.0 = Release|Any CPU
		{0A8360E6-2185-4B9B-8062-315F2C0C3446}.Release|iPhone.ActiveCfg = Release|Any CPU
		{0A8360E6-2185-4B9B-8062-315F2C0C3446}.Release|iPhone.Build.0 = Release|Any CPU
		{0A8360E6-2185-4B9B-8062-315F2C0C3446}.Release|iPhone.Deploy.0 = Release|Any CPU
		{0A8360E6-2185-4B9B-8062-315F2C0C3446}.Release|iPhoneSimulator.ActiveCfg = Release|Any CPU
		{0A8360E6-2185-4B9B-8062-315F2C0C3446}.Release|iPhoneSimulator.Build.0 = Release|Any CPU
		{0A8360E6-2185-4B9B-8062-315F2C0C3446}.Release|iPhoneSimulator.Deploy.0 = Release|Any CPU
	EndGlobalSection
	GlobalSection(SolutionProperties) = preSolution
		HideSolutionNode = FALSE
	EndGlobalSection
	GlobalSection(ExtensibilityGlobals) = postSolution
		SolutionGuid = {C8B718B7-AD32-4486-A148-3BB89C8A89F0}
	EndGlobalSection
EndGlobal
